
Microsoft Visual Studio Solution File, Format Version 11.00
# Visual Studio 2010
Project("{FAE04EC0-301F-11D3-BF4B-00C04F79EFBC}") = "DateTimeStudy", "DateTimeStudy\DateTimeStudy.csproj", "{B07626F7-A0E5-4FDF-8591-0C0DE97EEDB9}"
EndProject
Project("{FAE04EC0-301F-11D3-BF4B-00C04F79EFBC}") = "DateTimeTest", "DateTimeTest\DateTimeTest.csproj", "{49A9662D-C2E7-4E7F-B4AE-2C532D9D0CDA}"
EndProject
Project("{2150E333-8FDC-42A3-9474-1A3956D46DE8}") = "Solution Items", "Solution Items", "{6DAEE554-3B48-4749-AF48-07F96559DCB8}"
	ProjectSection(SolutionItems) = preProject
		DateTimeStudy.vsmdi = DateTimeStudy.vsmdi
		Local.testsettings = Local.testsettings
		TraceAndTestImpact.testsettings = TraceAndTestImpact.testsettings
	EndProjectSection
EndProject
Global
	GlobalSection(TestCaseManagementSettings) = postSolution
		CategoryFile = DateTimeStudy.vsmdi
	EndGlobalSection
	GlobalSection(SolutionConfigurationPlatforms) = preSolution
		Debug|Any CPU = Debug|Any CPU
		Debug|Mixed Platforms = Debug|Mixed Platforms
		Debug|x86 = Debug|x86
		Release|Any CPU = Release|Any CPU
		Release|Mixed Platforms = Release|Mixed Platforms
		Release|x86 = Release|x86
	EndGlobalSection
	GlobalSection(ProjectConfigurationPlatforms) = postSolution
		{B07626F7-A0E5-4FDF-8591-0C0DE97EEDB9}.Debug|Any CPU.ActiveCfg = Debug|x86
		{B07626F7-A0E5-4FDF-8591-0C0DE97EEDB9}.Debug|Mixed Platforms.ActiveCfg = Debug|x86
		{B07626F7-A0E5-4FDF-8591-0C0DE97EEDB9}.Debug|Mixed Platforms.Build.0 = Debug|x86
		{B07626F7-A0E5-4FDF-8591-0C0DE97EEDB9}.Debug|x86.ActiveCfg = Debug|x86
		{B07626F7-A0E5-4FDF-8591-0C0DE97EEDB9}.Debug|x86.Build.0 = Debug|x86
		{B07626F7-A0E5-4FDF-8591-0C0DE97EEDB9}.Release|Any CPU.ActiveCfg = Release|x86
		{B07626F7-A0E5-4FDF-8591-0C0DE97EEDB9}.Release|Mixed Platforms.ActiveCfg = Release|x86
		{B07626F7-A0E5-4FDF-8591-0C0DE97EEDB9}.Release|Mixed Platforms.Build.0 = Release|x86
		{B07626F7-A0E5-4FDF-8591-0C0DE97EEDB9}.Release|x86.ActiveCfg = Release|x86
		{B07626F7-A0E5-4FDF-8591-0C0DE97EEDB9}.Release|x86.Build.0 = Release|x86
		{49A9662D-C2E7-4E7F-B4AE-2C532D9D0CDA}.Debug|Any CPU.ActiveCfg = Debug|Any CPU
		{49A9662D-C2E7-4E7F-B4AE-2C532D9D0CDA}.Debug|Any CPU.Build.0 = Debug|Any CPU
		{49A9662D-C2E7-4E7F-B4AE-2C532D9D0CDA}.Debug|Mixed Platforms.ActiveCfg = Debug|Any CPU
		{49A9662D-C2E7-4E7F-B4AE-2C532D9D0CDA}.Debug|Mixed Platforms.Build.0 = Debug|Any CPU
		{49A9662D-C2E7-4E7F-B4AE-2C532D9D0CDA}.Debug|x86.ActiveCfg = Debug|Any CPU
		{49A9662D-C2E7-4E7F-B4AE-2C532D9D0CDA}.Release|Any CPU.ActiveCfg = Release|Any CPU
		{49A9662D-C2E7-4E7F-B4AE-2C532D9D0CDA}.Release|Any CPU.Build.0 = Release|Any CPU
		{49A9662D-C2E7-4E7F-B4AE-2C532D9D0CDA}.Release|Mixed Platforms.ActiveCfg = Release|Any CPU
		{49A9662D-C2E7-4E7F-B4AE-2C532D9D0CDA}.Release|Mixed Platforms.Build.0 = Release|Any CPU
		{49A9662D-C2E7-4E7F-B4AE-2C532D9D0CDA}.Release|x86.ActiveCfg = Release|Any CPU
	EndGlobalSection
	GlobalSection(SolutionProperties) = preSolution
		HideSolutionNode = FALSE
	EndGlobalSection
EndGlobal
